
Microsoft Visual Studio Solution File, Format Version 12.00
# Visual Studio Version 16
VisualStudioVersion = 16.0.31005.135
MinimumVisualStudioVersion = 10.0.40219.1
Project("{FAE04EC0-301F-11D3-BF4B-00C04F79EFBC}") = "cv09", "cv09.csproj", "{6830C427-8263-4DA0-80C9-3EA4963D6688}"
EndProject
Global
	GlobalSection(SolutionConfigurationPlatforms) = preSolution
		Debug|Any CPU = Debug|Any CPU
		Release|Any CPU = Release|Any CPU
	EndGlobalSection
	GlobalSection(ProjectConfigurationPlatforms) = postSolution
		{6830C427-8263-4DA0-80C9-3EA4963D6688}.Debug|Any CPU.ActiveCfg = Debug|Any CPU
		{6830C427-8263-4DA0-80C9-3EA4963D6688}.Debug|Any CPU.Build.0 = Debug|Any CPU
		{6830C427-8263-4DA0-80C9-3EA4963D6688}.Release|Any CPU.ActiveCfg = Release|Any CPU
		{6830C427-8263-4DA0-80C9-3EA4963D6688}.Release|Any CPU.Build.0 = Release|Any CPU
	EndGlobalSection
	GlobalSection(SolutionProperties) = preSolution
		HideSolutionNode = FALSE
	EndGlobalSection
	GlobalSection(ExtensibilityGlobals) = postSolution
		SolutionGuid = {EF173494-3146-4C90-BEC1-42083AD84638}
	EndGlobalSection
EndGlobal
